
Microsoft Visual Studio Solution File, Format Version 12.00
# Visual Studio 15
VisualStudioVersion = 15.0.27428.2015
MinimumVisualStudioVersion = 10.0.40219.1
Project("{FAE04EC0-301F-11D3-BF4B-00C04F79EFBC}") = "Delegates_Events", "Delegates_Events\Delegates_Events.csproj", "{7D58D248-46FD-446C-8116-C2F1CC415E73}"
EndProject
Global
	GlobalSection(SolutionConfigurationPlatforms) = preSolution
		Debug|Any CPU = Debug|Any CPU
		Release|Any CPU = Release|Any CPU
	EndGlobalSection
	GlobalSection(ProjectConfigurationPlatforms) = postSolution
		{7D58D248-46FD-446C-8116-C2F1CC415E73}.Debug|Any CPU.ActiveCfg = Debug|Any CPU
		{7D58D248-46FD-446C-8116-C2F1CC415E73}.Debug|Any CPU.Build.0 = Debug|Any CPU
		{7D58D248-46FD-446C-8116-C2F1CC415E73}.Release|Any CPU.ActiveCfg = Release|Any CPU
		{7D58D248-46FD-446C-8116-C2F1CC415E73}.Release|Any CPU.Build.0 = Release|Any CPU
	EndGlobalSection
	GlobalSection(SolutionProperties) = preSolution
		HideSolutionNode = FALSE
	EndGlobalSection
	GlobalSection(ExtensibilityGlobals) = postSolution
		SolutionGuid = {90A6CAD8-8EB8-4D26-B5FE-D8587B04CC7D}
	EndGlobalSection
EndGlobal
